
Microsoft Visual Studio Solution File, Format Version 12.00
# Visual Studio Version 17
VisualStudioVersion = 17.14.36221.1 d17.14
MinimumVisualStudioVersion = 10.0.40219.1
Project("{FAE04EC0-301F-11D3-BF4B-00C04F79EFBC}") = "LH", "LH.csproj", "{A3B05439-204C-47AF-B2E3-3F020F7E6162}"
EndProject
Global
	GlobalSection(SolutionConfigurationPlatforms) = preSolution
		Debug|Any CPU = Debug|Any CPU
		Release|Any CPU = Release|Any CPU
	EndGlobalSection
	GlobalSection(ProjectConfigurationPlatforms) = postSolution
		{A3B05439-204C-47AF-B2E3-3F020F7E6162}.Debug|Any CPU.ActiveCfg = Debug|Any CPU
		{A3B05439-204C-47AF-B2E3-3F020F7E6162}.Debug|Any CPU.Build.0 = Debug|Any CPU
		{A3B05439-204C-47AF-B2E3-3F020F7E6162}.Release|Any CPU.ActiveCfg = Release|Any CPU
		{A3B05439-204C-47AF-B2E3-3F020F7E6162}.Release|Any CPU.Build.0 = Release|Any CPU
	EndGlobalSection
	GlobalSection(SolutionProperties) = preSolution
		HideSolutionNode = FALSE
	EndGlobalSection
	GlobalSection(ExtensibilityGlobals) = postSolution
		SolutionGuid = {90BEA6D7-7D24-4243-82FA-5E8F30496EC3}
	EndGlobalSection
EndGlobal
